
Microsoft Visual Studio Solution File, Format Version 12.00
# Visual Studio Version 17
VisualStudioVersion = 17.0.32014.148
MinimumVisualStudioVersion = 10.0.40219.1
Project("{54A90642-561A-4BB1-A94E-469ADEE60C69}") = "BIT_frontend", "BIT_2\BIT_frontend.esproj", "{1E7259FD-88B2-4490-953D-F573B3FB8621}"
	ProjectSection(ProjectDependencies) = postProject
		{674D016A-94BB-4946-BA2D-11561CF6B105} = {674D016A-94BB-4946-BA2D-11561CF6B105}
	EndProjectSection
EndProject
Project("{FAE04EC0-301F-11D3-BF4B-00C04F79EFBC}") = "BIT_backend", "BIT\BIT_backend.csproj", "{674D016A-94BB-4946-BA2D-11561CF6B105}"
EndProject
Global
	GlobalSection(SolutionConfigurationPlatforms) = preSolution
		Debug|Any CPU = Debug|Any CPU
		Release|Any CPU = Release|Any CPU
	EndGlobalSection
	GlobalSection(ProjectConfigurationPlatforms) = postSolution
		{1E7259FD-88B2-4490-953D-F573B3FB8621}.Debug|Any CPU.ActiveCfg = Debug|Any CPU
		{1E7259FD-88B2-4490-953D-F573B3FB8621}.Debug|Any CPU.Build.0 = Debug|Any CPU
		{1E7259FD-88B2-4490-953D-F573B3FB8621}.Debug|Any CPU.Deploy.0 = Debug|Any CPU
		{1E7259FD-88B2-4490-953D-F573B3FB8621}.Release|Any CPU.ActiveCfg = Release|Any CPU
		{1E7259FD-88B2-4490-953D-F573B3FB8621}.Release|Any CPU.Build.0 = Release|Any CPU
		{1E7259FD-88B2-4490-953D-F573B3FB8621}.Release|Any CPU.Deploy.0 = Release|Any CPU
		{674D016A-94BB-4946-BA2D-11561CF6B105}.Debug|Any CPU.ActiveCfg = Debug|Any CPU
		{674D016A-94BB-4946-BA2D-11561CF6B105}.Debug|Any CPU.Build.0 = Debug|Any CPU
		{674D016A-94BB-4946-BA2D-11561CF6B105}.Release|Any CPU.ActiveCfg = Release|Any CPU
		{674D016A-94BB-4946-BA2D-11561CF6B105}.Release|Any CPU.Build.0 = Release|Any CPU
	EndGlobalSection
	GlobalSection(SolutionProperties) = preSolution
		HideSolutionNode = FALSE
	EndGlobalSection
	GlobalSection(ExtensibilityGlobals) = postSolution
		SolutionGuid = {F0EBCB12-D22E-4E60-93BD-BC36FB2D0127}
	EndGlobalSection
EndGlobal
